// !$*UTF8*$!
{
	archiveVersion = 1;
	classes = {
	};
	objectVersion = 56;
	objects = {

/* Begin PBXBuildFile section */
		C00000000000000000000001 /* Sources/App/AppCommands.swift in Sources */ = {isa = PBXBuildFile; fileRef = B00000000000000000000001 /* Sources/App/AppCommands.swift */; };
		C00000000000000000000002 /* Sources/App/AppModel.swift in Sources */ = {isa = PBXBuildFile; fileRef = B00000000000000000000002 /* Sources/App/AppModel.swift */; };
		C00000000000000000000003 /* Sources/App/RootSplitView.swift in Sources */ = {isa = PBXBuildFile; fileRef = B00000000000000000000003 /* Sources/App/RootSplitView.swift */; };
		C00000000000000000000004 /* Sources/App/SciPlotApp.swift in Sources */ = {isa = PBXBuildFile; fileRef = B00000000000000000000004 /* Sources/App/SciPlotApp.swift */; };
		C00000000000000000000005 /* Sources/App/Workbench.swift in Sources */ = {isa = PBXBuildFile; fileRef = B00000000000000000000005 /* Sources/App/Workbench.swift */; };
		C00000000000000000000079 /* Sources/App/QuickHelpSheet.swift in Sources */ = {isa = PBXBuildFile; fileRef = B00000000000000000000079 /* Sources/App/QuickHelpSheet.swift */; };
		C00000000000000000000080 /* Sources/App/LauncherView.swift in Sources */ = {isa = PBXBuildFile; fileRef = B00000000000000000000080 /* Sources/App/LauncherView.swift */; };
		C00000000000000000000086 /* Assets.xcassets in Resources */ = {isa = PBXBuildFile; fileRef = B00000000000000000000086 /* Assets.xcassets */; };
		C00000000000000000000006 /* Sources/Features/CodeConsole/CodeConsoleContextView.swift in Sources */ = {isa = PBXBuildFile; fileRef = B00000000000000000000006 /* Sources/Features/CodeConsole/CodeConsoleContextView.swift */; };
		C00000000000000000000007 /* Sources/Features/CodeConsole/CodeConsoleEditorView.swift in Sources */ = {isa = PBXBuildFile; fileRef = B00000000000000000000007 /* Sources/Features/CodeConsole/CodeConsoleEditorView.swift */; };
		C00000000000000000000008 /* Sources/Features/CodeConsole/CodeConsoleOutputsView.swift in Sources */ = {isa = PBXBuildFile; fileRef = B00000000000000000000008 /* Sources/Features/CodeConsole/CodeConsoleOutputsView.swift */; };
		C00000000000000000000009 /* Sources/Features/CodeConsole/CodeConsoleSession.swift in Sources */ = {isa = PBXBuildFile; fileRef = B00000000000000000000009 /* Sources/Features/CodeConsole/CodeConsoleSession.swift */; };
		C0000000000000000000000A /* Sources/Features/CodeConsole/CodeConsoleWorkbenchView.swift in Sources */ = {isa = PBXBuildFile; fileRef = B0000000000000000000000A /* Sources/Features/CodeConsole/CodeConsoleWorkbenchView.swift */; };
		C0000000000000000000000B /* Sources/Features/Composer/ComposerAssetBrowserView.swift in Sources */ = {isa = PBXBuildFile; fileRef = B0000000000000000000000B /* Sources/Features/Composer/ComposerAssetBrowserView.swift */; };
		C0000000000000000000000C /* Sources/Features/Composer/ComposerCanvasView.swift in Sources */ = {isa = PBXBuildFile; fileRef = B0000000000000000000000C /* Sources/Features/Composer/ComposerCanvasView.swift */; };
		C0000000000000000000000D /* Sources/Features/Composer/ComposerInspectorView.swift in Sources */ = {isa = PBXBuildFile; fileRef = B0000000000000000000000D /* Sources/Features/Composer/ComposerInspectorView.swift */; };
		C0000000000000000000000E /* Sources/Features/Composer/ComposerSession.swift in Sources */ = {isa = PBXBuildFile; fileRef = B0000000000000000000000E /* Sources/Features/Composer/ComposerSession.swift */; };
		C0000000000000000000000F /* Sources/Features/Composer/ComposerWorkbenchView.swift in Sources */ = {isa = PBXBuildFile; fileRef = B0000000000000000000000F /* Sources/Features/Composer/ComposerWorkbenchView.swift */; };
		C00000000000000000000030 /* Sources/Features/Composer/ComposerPanelThumbnailView.swift in Sources */ = {isa = PBXBuildFile; fileRef = B00000000000000000000030 /* Sources/Features/Composer/ComposerPanelThumbnailView.swift */; };
		C00000000000000000000051 /* Sources/Features/Composer/ComposerSessionImportExport.swift in Sources */ = {isa = PBXBuildFile; fileRef = B00000000000000000000051 /* Sources/Features/Composer/ComposerSessionImportExport.swift */; };
		C00000000000000000000052 /* Sources/Features/Composer/ComposerSessionSelectionPlacement.swift in Sources */ = {isa = PBXBuildFile; fileRef = B00000000000000000000052 /* Sources/Features/Composer/ComposerSessionSelectionPlacement.swift */; };
		C00000000000000000000053 /* Sources/Features/Composer/ComposerSessionPreviewUndo.swift in Sources */ = {isa = PBXBuildFile; fileRef = B00000000000000000000053 /* Sources/Features/Composer/ComposerSessionPreviewUndo.swift */; };
		C00000000000000000000097 /* Sources/Features/Composer/ComposerSessionProject.swift in Sources */ = {isa = PBXBuildFile; fileRef = B00000000000000000000097 /* Sources/Features/Composer/ComposerSessionProject.swift */; };
		C00000000000000000000017 /* Sources/Features/Plot/PlotImportView.swift in Sources */ = {isa = PBXBuildFile; fileRef = B00000000000000000000017 /* Sources/Features/Plot/PlotImportView.swift */; };
		C00000000000000000000018 /* Sources/Features/Plot/PlotInspectorView.swift in Sources */ = {isa = PBXBuildFile; fileRef = B00000000000000000000018 /* Sources/Features/Plot/PlotInspectorView.swift */; };
		C00000000000000000000081 /* Sources/Features/Plot/PlotDataWorkbookSheet.swift in Sources */ = {isa = PBXBuildFile; fileRef = B00000000000000000000081 /* Sources/Features/Plot/PlotDataWorkbookSheet.swift */; };
		C00000000000000000000082 /* Sources/Features/Plot/PlotInspectorMode.swift in Sources */ = {isa = PBXBuildFile; fileRef = B00000000000000000000082 /* Sources/Features/Plot/PlotInspectorMode.swift */; };
		C00000000000000000000083 /* Sources/Features/Plot/PlotInspectorLayerListView.swift in Sources */ = {isa = PBXBuildFile; fileRef = B00000000000000000000083 /* Sources/Features/Plot/PlotInspectorLayerListView.swift */; };
		C00000000000000000000084 /* Sources/Features/Plot/PlotSelectedLayerEditorView.swift in Sources */ = {isa = PBXBuildFile; fileRef = B00000000000000000000084 /* Sources/Features/Plot/PlotSelectedLayerEditorView.swift */; };
		C00000000000000000000085 /* Sources/Features/Plot/PlotDataPipelineInspectorView.swift in Sources */ = {isa = PBXBuildFile; fileRef = B00000000000000000000085 /* Sources/Features/Plot/PlotDataPipelineInspectorView.swift */; };
		C00000000000000000000019 /* Sources/Features/Plot/PlotRefineView.swift in Sources */ = {isa = PBXBuildFile; fileRef = B00000000000000000000019 /* Sources/Features/Plot/PlotRefineView.swift */; };
		C00000000000000000000096 /* Sources/Features/Plot/PlotInteractivePreviewOverlay.swift in Sources */ = {isa = PBXBuildFile; fileRef = B00000000000000000000096 /* Sources/Features/Plot/PlotInteractivePreviewOverlay.swift */; };
		C0000000000000000000001A /* Sources/Features/Plot/PlotSession.swift in Sources */ = {isa = PBXBuildFile; fileRef = B0000000000000000000001A /* Sources/Features/Plot/PlotSession.swift */; };
		C0000000000000000000001B /* Sources/Features/Plot/PlotTemplateView.swift in Sources */ = {isa = PBXBuildFile; fileRef = B0000000000000000000001B /* Sources/Features/Plot/PlotTemplateView.swift */; };
		C0000000000000000000001C /* Sources/Features/Plot/PlotWorkbenchView.swift in Sources */ = {isa = PBXBuildFile; fileRef = B0000000000000000000001C /* Sources/Features/Plot/PlotWorkbenchView.swift */; };
		C00000000000000000000054 /* Sources/Features/Plot/PlotSessionPresentation.swift in Sources */ = {isa = PBXBuildFile; fileRef = B00000000000000000000054 /* Sources/Features/Plot/PlotSessionPresentation.swift */; };
		C00000000000000000000055 /* Sources/Features/Plot/PlotSessionImportInspect.swift in Sources */ = {isa = PBXBuildFile; fileRef = B00000000000000000000055 /* Sources/Features/Plot/PlotSessionImportInspect.swift */; };
		C00000000000000000000056 /* Sources/Features/Plot/PlotSessionPreviewExport.swift in Sources */ = {isa = PBXBuildFile; fileRef = B00000000000000000000056 /* Sources/Features/Plot/PlotSessionPreviewExport.swift */; };
		C00000000000000000000057 /* Sources/Features/Plot/PlotSessionRestore.swift in Sources */ = {isa = PBXBuildFile; fileRef = B00000000000000000000057 /* Sources/Features/Plot/PlotSessionRestore.swift */; };
		C0000000000000000000001D /* Sources/Infrastructure/RepoLocator.swift in Sources */ = {isa = PBXBuildFile; fileRef = B0000000000000000000001D /* Sources/Infrastructure/RepoLocator.swift */; };
		C0000000000000000000001E /* Sources/Infrastructure/SidecarClient.swift in Sources */ = {isa = PBXBuildFile; fileRef = B0000000000000000000001E /* Sources/Infrastructure/SidecarClient.swift */; };
		C0000000000000000000001F /* Sources/Infrastructure/SidecarError.swift in Sources */ = {isa = PBXBuildFile; fileRef = B0000000000000000000001F /* Sources/Infrastructure/SidecarError.swift */; };
		C00000000000000000000020 /* Sources/Infrastructure/SidecarModelsCommon.swift in Sources */ = {isa = PBXBuildFile; fileRef = B00000000000000000000020 /* Sources/Infrastructure/SidecarModelsCommon.swift */; };
		C00000000000000000000021 /* Sources/Infrastructure/SidecarModelsComposer.swift in Sources */ = {isa = PBXBuildFile; fileRef = B00000000000000000000021 /* Sources/Infrastructure/SidecarModelsComposer.swift */; };
		C00000000000000000000022 /* Sources/Infrastructure/SidecarModelsRender.swift in Sources */ = {isa = PBXBuildFile; fileRef = B00000000000000000000022 /* Sources/Infrastructure/SidecarModelsRender.swift */; };
		C00000000000000000000024 /* Sources/Infrastructure/SidecarRuntime.swift in Sources */ = {isa = PBXBuildFile; fileRef = B00000000000000000000024 /* Sources/Infrastructure/SidecarRuntime.swift */; };
		C00000000000000000000025 /* Sources/Shared/UI/Base64PreviewImageView.swift in Sources */ = {isa = PBXBuildFile; fileRef = B00000000000000000000025 /* Sources/Shared/UI/Base64PreviewImageView.swift */; };
		C00000000000000000000026 /* Sources/Shared/UI/PDFPreviewView.swift in Sources */ = {isa = PBXBuildFile; fileRef = B00000000000000000000026 /* Sources/Shared/UI/PDFPreviewView.swift */; };
		C00000000000000000000027 /* Sources/Shared/UI/QuickLookThumbnailView.swift in Sources */ = {isa = PBXBuildFile; fileRef = B00000000000000000000027 /* Sources/Shared/UI/QuickLookThumbnailView.swift */; };
		C00000000000000000000028 /* Sources/Shared/UI/StateViews.swift in Sources */ = {isa = PBXBuildFile; fileRef = B00000000000000000000028 /* Sources/Shared/UI/StateViews.swift */; };
		C0000000000000000000003B /* Sources/Shared/UI/OptionRowCard.swift in Sources */ = {isa = PBXBuildFile; fileRef = B0000000000000000000003B /* Sources/Shared/UI/OptionRowCard.swift */; };
		C0000000000000000000003C /* Sources/Shared/UI/SortableSeriesListView.swift in Sources */ = {isa = PBXBuildFile; fileRef = B0000000000000000000003C /* Sources/Shared/UI/SortableSeriesListView.swift */; };
		C00000000000000000000095 /* Sources/Shared/UI/FitModelGrid.swift in Sources */ = {isa = PBXBuildFile; fileRef = B00000000000000000000095 /* Sources/Shared/UI/FitModelGrid.swift */; };
		C00000000000000000000029 /* Sources/Shared/Utilities/FileTypeCatalog.swift in Sources */ = {isa = PBXBuildFile; fileRef = B00000000000000000000029 /* Sources/Shared/Utilities/FileTypeCatalog.swift */; };
		C0000000000000000000002A /* Sources/Shared/Utilities/JSONValue.swift in Sources */ = {isa = PBXBuildFile; fileRef = B0000000000000000000002A /* Sources/Shared/Utilities/JSONValue.swift */; };
		C0000000000000000000002B /* Sources/Shared/Utilities/NativePanels.swift in Sources */ = {isa = PBXBuildFile; fileRef = B0000000000000000000002B /* Sources/Shared/Utilities/NativePanels.swift */; };
		C0000000000000000000002C /* Sources/Shared/Utilities/PreviewImageDecoder.swift in Sources */ = {isa = PBXBuildFile; fileRef = B0000000000000000000002C /* Sources/Shared/Utilities/PreviewImageDecoder.swift */; };
		C0000000000000000000002D /* Sources/Shared/Utilities/SheetValue.swift in Sources */ = {isa = PBXBuildFile; fileRef = B0000000000000000000002D /* Sources/Shared/Utilities/SheetValue.swift */; };
		C0000000000000000000002E /* Sources/Shared/Utilities/WorkspaceBridge.swift in Sources */ = {isa = PBXBuildFile; fileRef = B0000000000000000000002E /* Sources/Shared/Utilities/WorkspaceBridge.swift */; };
		C00000000000000000000076 /* Sources/Shared/Utilities/UserCancellation.swift in Sources */ = {isa = PBXBuildFile; fileRef = B00000000000000000000076 /* Sources/Shared/Utilities/UserCancellation.swift */; };
		C00000000000000000000031 /* Tests/AppModelTests.swift in Sources */ = {isa = PBXBuildFile; fileRef = B00000000000000000000031 /* Tests/AppModelTests.swift */; };
		C00000000000000000000032 /* Tests/CodeConsoleSessionTests.swift in Sources */ = {isa = PBXBuildFile; fileRef = B00000000000000000000032 /* Tests/CodeConsoleSessionTests.swift */; };
		C00000000000000000000033 /* Tests/ComposerSessionTests.swift in Sources */ = {isa = PBXBuildFile; fileRef = B00000000000000000000033 /* Tests/ComposerSessionTests.swift */; };
		C00000000000000000000035 /* Tests/MockSidecarClient.swift in Sources */ = {isa = PBXBuildFile; fileRef = B00000000000000000000035 /* Tests/MockSidecarClient.swift */; };
		C00000000000000000000036 /* Tests/MockURLProtocol.swift in Sources */ = {isa = PBXBuildFile; fileRef = B00000000000000000000036 /* Tests/MockURLProtocol.swift */; };
		C00000000000000000000037 /* Tests/PlotSessionTests.swift in Sources */ = {isa = PBXBuildFile; fileRef = B00000000000000000000037 /* Tests/PlotSessionTests.swift */; };
		C00000000000000000000038 /* Tests/SchemaDecodingTests.swift in Sources */ = {isa = PBXBuildFile; fileRef = B00000000000000000000038 /* Tests/SchemaDecodingTests.swift */; };
		C00000000000000000000039 /* Tests/SidecarRuntimeTests.swift in Sources */ = {isa = PBXBuildFile; fileRef = B00000000000000000000039 /* Tests/SidecarRuntimeTests.swift */; };
		C0000000000000000000003A /* Tests/TestPayloads.swift in Sources */ = {isa = PBXBuildFile; fileRef = B0000000000000000000003A /* Tests/TestPayloads.swift */; };
		C0000000000000000000003D /* Sources/Infrastructure/SidecarModelsDataStudio.swift in Sources */ = {isa = PBXBuildFile; fileRef = B0000000000000000000003D /* Sources/Infrastructure/SidecarModelsDataStudio.swift */; };
		C00000000000000000000075 /* Tests/InspectorLayoutPolicyTests.swift in Sources */ = {isa = PBXBuildFile; fileRef = B00000000000000000000075 /* Tests/InspectorLayoutPolicyTests.swift */; };
		C0000000000000000000003E /* Sources/Features/DataStudio/DataStudioSession.swift in Sources */ = {isa = PBXBuildFile; fileRef = B0000000000000000000003E /* Sources/Features/DataStudio/DataStudioSession.swift */; };
		C0000000000000000000003F /* Sources/Features/DataStudio/DataStudioWorkbenchView.swift in Sources */ = {isa = PBXBuildFile; fileRef = B0000000000000000000003F /* Sources/Features/DataStudio/DataStudioWorkbenchView.swift */; };
		C00000000000000000000040 /* Sources/Features/DataStudio/DataStudioInspectorView.swift in Sources */ = {isa = PBXBuildFile; fileRef = B00000000000000000000040 /* Sources/Features/DataStudio/DataStudioInspectorView.swift */; };
		C00000000000000000000041 /* Tests/DataStudioSessionTests.swift in Sources */ = {isa = PBXBuildFile; fileRef = B00000000000000000000041 /* Tests/DataStudioSessionTests.swift */; };
		C00000000000000000000042 /* Sources/Features/Plot/PlotSessionTypes.swift in Sources */ = {isa = PBXBuildFile; fileRef = B00000000000000000000042 /* Sources/Features/Plot/PlotSessionTypes.swift */; };
		C00000000000000000000043 /* Sources/Features/DataStudio/DataStudioSessionTypes.swift in Sources */ = {isa = PBXBuildFile; fileRef = B00000000000000000000043 /* Sources/Features/DataStudio/DataStudioSessionTypes.swift */; };
		C00000000000000000000044 /* Sources/Features/Composer/ComposerSessionTypes.swift in Sources */ = {isa = PBXBuildFile; fileRef = B00000000000000000000044 /* Sources/Features/Composer/ComposerSessionTypes.swift */; };
		C00000000000000000000045 /* Sources/Features/DataStudio/DataStudioWorkbenchSpecimenViews.swift in Sources */ = {isa = PBXBuildFile; fileRef = B00000000000000000000045 /* Sources/Features/DataStudio/DataStudioWorkbenchSpecimenViews.swift */; };
		C00000000000000000000046 /* Sources/Features/DataStudio/DataStudioImportWorkflowViews.swift in Sources */ = {isa = PBXBuildFile; fileRef = B00000000000000000000046 /* Sources/Features/DataStudio/DataStudioImportWorkflowViews.swift */; };
		C00000000000000000000047 /* Sources/Features/DataStudio/DataStudioTemplateEditorViews.swift in Sources */ = {isa = PBXBuildFile; fileRef = B00000000000000000000047 /* Sources/Features/DataStudio/DataStudioTemplateEditorViews.swift */; };
		C00000000000000000000048 /* Sources/Features/DataStudio/DataStudioSessionImportTemplate.swift in Sources */ = {isa = PBXBuildFile; fileRef = B00000000000000000000048 /* Sources/Features/DataStudio/DataStudioSessionImportTemplate.swift */; };
		C00000000000000000000049 /* Sources/Features/DataStudio/DataStudioSessionSpecimenFilter.swift in Sources */ = {isa = PBXBuildFile; fileRef = B00000000000000000000049 /* Sources/Features/DataStudio/DataStudioSessionSpecimenFilter.swift */; };
		C00000000000000000000050 /* Sources/Features/DataStudio/DataStudioSessionComparison.swift in Sources */ = {isa = PBXBuildFile; fileRef = B00000000000000000000050 /* Sources/Features/DataStudio/DataStudioSessionComparison.swift */; };
		C00000000000000000000087 /* Sources/Features/Plot/PlotInspectorAdjustmentContent.swift in Sources */ = {isa = PBXBuildFile; fileRef = B00000000000000000000087 /* Sources/Features/Plot/PlotInspectorAdjustmentContent.swift */; };
		C00000000000000000000088 /* Sources/Features/Plot/PlotInspectorFigureAxisSections.swift in Sources */ = {isa = PBXBuildFile; fileRef = B00000000000000000000088 /* Sources/Features/Plot/PlotInspectorFigureAxisSections.swift */; };
		C00000000000000000000089 /* Sources/Features/Plot/PlotInspectorObjectSections.swift in Sources */ = {isa = PBXBuildFile; fileRef = B00000000000000000000089 /* Sources/Features/Plot/PlotInspectorObjectSections.swift */; };
		C0000000000000000000008A /* Sources/Features/Plot/PlotInspectorBindingHelpers.swift in Sources */ = {isa = PBXBuildFile; fileRef = B0000000000000000000008A /* Sources/Features/Plot/PlotInspectorBindingHelpers.swift */; };
		C0000000000000000000008B /* Sources/Features/Plot/PlotInspectorAdvancedAxisSections.swift in Sources */ = {isa = PBXBuildFile; fileRef = B0000000000000000000008B /* Sources/Features/Plot/PlotInspectorAdvancedAxisSections.swift */; };
		C0000000000000000000008C /* Sources/Features/DataStudio/DataStudioGroupRailView.swift in Sources */ = {isa = PBXBuildFile; fileRef = B0000000000000000000008C /* Sources/Features/DataStudio/DataStudioGroupRailView.swift */; };
		C0000000000000000000008D /* Sources/Features/DataStudio/DataStudioPreviewWorkspaceView.swift in Sources */ = {isa = PBXBuildFile; fileRef = B0000000000000000000008D /* Sources/Features/DataStudio/DataStudioPreviewWorkspaceView.swift */; };
		C0000000000000000000008E /* Sources/Features/DataStudio/DataStudioAnalysisSheet.swift in Sources */ = {isa = PBXBuildFile; fileRef = B0000000000000000000008E /* Sources/Features/DataStudio/DataStudioAnalysisSheet.swift */; };
		C0000000000000000000008F /* Sources/Features/DataStudio/DataStudioSessionFigureWorkflow.swift in Sources */ = {isa = PBXBuildFile; fileRef = B0000000000000000000008F /* Sources/Features/DataStudio/DataStudioSessionFigureWorkflow.swift */; };
		C00000000000000000000090 /* Sources/Features/DataStudio/DataStudioSessionProjectExport.swift in Sources */ = {isa = PBXBuildFile; fileRef = B00000000000000000000090 /* Sources/Features/DataStudio/DataStudioSessionProjectExport.swift */; };
		C00000000000000000000091 /* Sources/Features/DataStudio/DataStudioSessionAnalysis.swift in Sources */ = {isa = PBXBuildFile; fileRef = B00000000000000000000091 /* Sources/Features/DataStudio/DataStudioSessionAnalysis.swift */; };
		C00000000000000000000092 /* Sources/Features/DataStudio/DataStudioSessionSpecimenPresentation.swift in Sources */ = {isa = PBXBuildFile; fileRef = B00000000000000000000092 /* Sources/Features/DataStudio/DataStudioSessionSpecimenPresentation.swift */; };
		C00000000000000000000093 /* Sources/Features/DataStudio/DataStudioSessionImportFlow.swift in Sources */ = {isa = PBXBuildFile; fileRef = B00000000000000000000093 /* Sources/Features/DataStudio/DataStudioSessionImportFlow.swift */; };
		C00000000000000000000094 /* Sources/Features/DataStudio/DataStudioSessionTemplateDraft.swift in Sources */ = {isa = PBXBuildFile; fileRef = B00000000000000000000094 /* Sources/Features/DataStudio/DataStudioSessionTemplateDraft.swift */; };
/* End PBXBuildFile section */

/* Begin PBXContainerItemProxy section */
		A0000000000000000000001A /* PBXContainerItemProxy */ = {
			isa = PBXContainerItemProxy;
			containerPortal = A00000000000000000000001 /* Project object */;
			proxyType = 1;
			remoteGlobalIDString = A00000000000000000000006;
			remoteInfo = SciPlotMac;
		};
/* End PBXContainerItemProxy section */

/* Begin PBXFileReference section */
		B00000000000000000000001 /* Sources/App/AppCommands.swift */ = {isa = PBXFileReference; lastKnownFileType = sourcecode.swift; path = Sources/App/AppCommands.swift; sourceTree = "<group>"; };
		B00000000000000000000002 /* Sources/App/AppModel.swift */ = {isa = PBXFileReference; lastKnownFileType = sourcecode.swift; path = Sources/App/AppModel.swift; sourceTree = "<group>"; };
		B00000000000000000000003 /* Sources/App/RootSplitView.swift */ = {isa = PBXFileReference; lastKnownFileType = sourcecode.swift; path = Sources/App/RootSplitView.swift; sourceTree = "<group>"; };
		B00000000000000000000004 /* Sources/App/SciPlotApp.swift */ = {isa = PBXFileReference; lastKnownFileType = sourcecode.swift; path = Sources/App/SciPlotApp.swift; sourceTree = "<group>"; };
		B00000000000000000000005 /* Sources/App/Workbench.swift */ = {isa = PBXFileReference; lastKnownFileType = sourcecode.swift; path = Sources/App/Workbench.swift; sourceTree = "<group>"; };
		B00000000000000000000079 /* Sources/App/QuickHelpSheet.swift */ = {isa = PBXFileReference; lastKnownFileType = sourcecode.swift; path = Sources/App/QuickHelpSheet.swift; sourceTree = "<group>"; };
		B00000000000000000000080 /* Sources/App/LauncherView.swift */ = {isa = PBXFileReference; lastKnownFileType = sourcecode.swift; path = Sources/App/LauncherView.swift; sourceTree = "<group>"; };
		B00000000000000000000086 /* Assets.xcassets */ = {isa = PBXFileReference; lastKnownFileType = folder.assetcatalog; path = Assets.xcassets; sourceTree = "<group>"; };
		B00000000000000000000006 /* Sources/Features/CodeConsole/CodeConsoleContextView.swift */ = {isa = PBXFileReference; lastKnownFileType = sourcecode.swift; path = Sources/Features/CodeConsole/CodeConsoleContextView.swift; sourceTree = "<group>"; };
		B00000000000000000000007 /* Sources/Features/CodeConsole/CodeConsoleEditorView.swift */ = {isa = PBXFileReference; lastKnownFileType = sourcecode.swift; path = Sources/Features/CodeConsole/CodeConsoleEditorView.swift; sourceTree = "<group>"; };
		B00000000000000000000008 /* Sources/Features/CodeConsole/CodeConsoleOutputsView.swift */ = {isa = PBXFileReference; lastKnownFileType = sourcecode.swift; path = Sources/Features/CodeConsole/CodeConsoleOutputsView.swift; sourceTree = "<group>"; };
		B00000000000000000000009 /* Sources/Features/CodeConsole/CodeConsoleSession.swift */ = {isa = PBXFileReference; lastKnownFileType = sourcecode.swift; path = Sources/Features/CodeConsole/CodeConsoleSession.swift; sourceTree = "<group>"; };
		B0000000000000000000000A /* Sources/Features/CodeConsole/CodeConsoleWorkbenchView.swift */ = {isa = PBXFileReference; lastKnownFileType = sourcecode.swift; path = Sources/Features/CodeConsole/CodeConsoleWorkbenchView.swift; sourceTree = "<group>"; };
		B0000000000000000000000B /* Sources/Features/Composer/ComposerAssetBrowserView.swift */ = {isa = PBXFileReference; lastKnownFileType = sourcecode.swift; path = Sources/Features/Composer/ComposerAssetBrowserView.swift; sourceTree = "<group>"; };
		B0000000000000000000000C /* Sources/Features/Composer/ComposerCanvasView.swift */ = {isa = PBXFileReference; lastKnownFileType = sourcecode.swift; path = Sources/Features/Composer/ComposerCanvasView.swift; sourceTree = "<group>"; };
		B0000000000000000000000D /* Sources/Features/Composer/ComposerInspectorView.swift */ = {isa = PBXFileReference; lastKnownFileType = sourcecode.swift; path = Sources/Features/Composer/ComposerInspectorView.swift; sourceTree = "<group>"; };
		B0000000000000000000000E /* Sources/Features/Composer/ComposerSession.swift */ = {isa = PBXFileReference; lastKnownFileType = sourcecode.swift; path = Sources/Features/Composer/ComposerSession.swift; sourceTree = "<group>"; };
		B0000000000000000000000F /* Sources/Features/Composer/ComposerWorkbenchView.swift */ = {isa = PBXFileReference; lastKnownFileType = sourcecode.swift; path = Sources/Features/Composer/ComposerWorkbenchView.swift; sourceTree = "<group>"; };
		B00000000000000000000030 /* Sources/Features/Composer/ComposerPanelThumbnailView.swift */ = {isa = PBXFileReference; lastKnownFileType = sourcecode.swift; path = Sources/Features/Composer/ComposerPanelThumbnailView.swift; sourceTree = "<group>"; };
		B00000000000000000000051 /* Sources/Features/Composer/ComposerSessionImportExport.swift */ = {isa = PBXFileReference; lastKnownFileType = sourcecode.swift; path = Sources/Features/Composer/ComposerSessionImportExport.swift; sourceTree = "<group>"; };
		B00000000000000000000052 /* Sources/Features/Composer/ComposerSessionSelectionPlacement.swift */ = {isa = PBXFileReference; lastKnownFileType = sourcecode.swift; path = Sources/Features/Composer/ComposerSessionSelectionPlacement.swift; sourceTree = "<group>"; };
		B00000000000000000000053 /* Sources/Features/Composer/ComposerSessionPreviewUndo.swift */ = {isa = PBXFileReference; lastKnownFileType = sourcecode.swift; path = Sources/Features/Composer/ComposerSessionPreviewUndo.swift; sourceTree = "<group>"; };
		B00000000000000000000097 /* Sources/Features/Composer/ComposerSessionProject.swift */ = {isa = PBXFileReference; lastKnownFileType = sourcecode.swift; path = Sources/Features/Composer/ComposerSessionProject.swift; sourceTree = "<group>"; };
		B00000000000000000000017 /* Sources/Features/Plot/PlotImportView.swift */ = {isa = PBXFileReference; lastKnownFileType = sourcecode.swift; path = Sources/Features/Plot/PlotImportView.swift; sourceTree = "<group>"; };
		B00000000000000000000018 /* Sources/Features/Plot/PlotInspectorView.swift */ = {isa = PBXFileReference; lastKnownFileType = sourcecode.swift; path = Sources/Features/Plot/PlotInspectorView.swift; sourceTree = "<group>"; };
		B00000000000000000000081 /* Sources/Features/Plot/PlotDataWorkbookSheet.swift */ = {isa = PBXFileReference; lastKnownFileType = sourcecode.swift; path = Sources/Features/Plot/PlotDataWorkbookSheet.swift; sourceTree = "<group>"; };
		B00000000000000000000082 /* Sources/Features/Plot/PlotInspectorMode.swift */ = {isa = PBXFileReference; lastKnownFileType = sourcecode.swift; path = Sources/Features/Plot/PlotInspectorMode.swift; sourceTree = "<group>"; };
		B00000000000000000000083 /* Sources/Features/Plot/PlotInspectorLayerListView.swift */ = {isa = PBXFileReference; lastKnownFileType = sourcecode.swift; path = Sources/Features/Plot/PlotInspectorLayerListView.swift; sourceTree = "<group>"; };
		B00000000000000000000084 /* Sources/Features/Plot/PlotSelectedLayerEditorView.swift */ = {isa = PBXFileReference; lastKnownFileType = sourcecode.swift; path = Sources/Features/Plot/PlotSelectedLayerEditorView.swift; sourceTree = "<group>"; };
		B00000000000000000000085 /* Sources/Features/Plot/PlotDataPipelineInspectorView.swift */ = {isa = PBXFileReference; lastKnownFileType = sourcecode.swift; path = Sources/Features/Plot/PlotDataPipelineInspectorView.swift; sourceTree = "<group>"; };
		B00000000000000000000019 /* Sources/Features/Plot/PlotRefineView.swift */ = {isa = PBXFileReference; lastKnownFileType = sourcecode.swift; path = Sources/Features/Plot/PlotRefineView.swift; sourceTree = "<group>"; };
		B00000000000000000000096 /* Sources/Features/Plot/PlotInteractivePreviewOverlay.swift */ = {isa = PBXFileReference; lastKnownFileType = sourcecode.swift; path = Sources/Features/Plot/PlotInteractivePreviewOverlay.swift; sourceTree = "<group>"; };
		B0000000000000000000001A /* Sources/Features/Plot/PlotSession.swift */ = {isa = PBXFileReference; lastKnownFileType = sourcecode.swift; path = Sources/Features/Plot/PlotSession.swift; sourceTree = "<group>"; };
		B0000000000000000000001B /* Sources/Features/Plot/PlotTemplateView.swift */ = {isa = PBXFileReference; lastKnownFileType = sourcecode.swift; path = Sources/Features/Plot/PlotTemplateView.swift; sourceTree = "<group>"; };
		B0000000000000000000001C /* Sources/Features/Plot/PlotWorkbenchView.swift */ = {isa = PBXFileReference; lastKnownFileType = sourcecode.swift; path = Sources/Features/Plot/PlotWorkbenchView.swift; sourceTree = "<group>"; };
		B00000000000000000000054 /* Sources/Features/Plot/PlotSessionPresentation.swift */ = {isa = PBXFileReference; lastKnownFileType = sourcecode.swift; path = Sources/Features/Plot/PlotSessionPresentation.swift; sourceTree = "<group>"; };
		B00000000000000000000055 /* Sources/Features/Plot/PlotSessionImportInspect.swift */ = {isa = PBXFileReference; lastKnownFileType = sourcecode.swift; path = Sources/Features/Plot/PlotSessionImportInspect.swift; sourceTree = "<group>"; };
		B00000000000000000000056 /* Sources/Features/Plot/PlotSessionPreviewExport.swift */ = {isa = PBXFileReference; lastKnownFileType = sourcecode.swift; path = Sources/Features/Plot/PlotSessionPreviewExport.swift; sourceTree = "<group>"; };
		B00000000000000000000057 /* Sources/Features/Plot/PlotSessionRestore.swift */ = {isa = PBXFileReference; lastKnownFileType = sourcecode.swift; path = Sources/Features/Plot/PlotSessionRestore.swift; sourceTree = "<group>"; };
		B0000000000000000000001D /* Sources/Infrastructure/RepoLocator.swift */ = {isa = PBXFileReference; lastKnownFileType = sourcecode.swift; path = Sources/Infrastructure/RepoLocator.swift; sourceTree = "<group>"; };
		B0000000000000000000001E /* Sources/Infrastructure/SidecarClient.swift */ = {isa = PBXFileReference; lastKnownFileType = sourcecode.swift; path = Sources/Infrastructure/SidecarClient.swift; sourceTree = "<group>"; };
		B0000000000000000000001F /* Sources/Infrastructure/SidecarError.swift */ = {isa = PBXFileReference; lastKnownFileType = sourcecode.swift; path = Sources/Infrastructure/SidecarError.swift; sourceTree = "<group>"; };
		B00000000000000000000020 /* Sources/Infrastructure/SidecarModelsCommon.swift */ = {isa = PBXFileReference; lastKnownFileType = sourcecode.swift; path = Sources/Infrastructure/SidecarModelsCommon.swift; sourceTree = "<group>"; };
		B00000000000000000000021 /* Sources/Infrastructure/SidecarModelsComposer.swift */ = {isa = PBXFileReference; lastKnownFileType = sourcecode.swift; path = Sources/Infrastructure/SidecarModelsComposer.swift; sourceTree = "<group>"; };
		B00000000000000000000022 /* Sources/Infrastructure/SidecarModelsRender.swift */ = {isa = PBXFileReference; lastKnownFileType = sourcecode.swift; path = Sources/Infrastructure/SidecarModelsRender.swift; sourceTree = "<group>"; };
		B00000000000000000000024 /* Sources/Infrastructure/SidecarRuntime.swift */ = {isa = PBXFileReference; lastKnownFileType = sourcecode.swift; path = Sources/Infrastructure/SidecarRuntime.swift; sourceTree = "<group>"; };
		B00000000000000000000025 /* Sources/Shared/UI/Base64PreviewImageView.swift */ = {isa = PBXFileReference; lastKnownFileType = sourcecode.swift; path = Sources/Shared/UI/Base64PreviewImageView.swift; sourceTree = "<group>"; };
		B00000000000000000000026 /* Sources/Shared/UI/PDFPreviewView.swift */ = {isa = PBXFileReference; lastKnownFileType = sourcecode.swift; path = Sources/Shared/UI/PDFPreviewView.swift; sourceTree = "<group>"; };
		B00000000000000000000027 /* Sources/Shared/UI/QuickLookThumbnailView.swift */ = {isa = PBXFileReference; lastKnownFileType = sourcecode.swift; path = Sources/Shared/UI/QuickLookThumbnailView.swift; sourceTree = "<group>"; };
		B00000000000000000000028 /* Sources/Shared/UI/StateViews.swift */ = {isa = PBXFileReference; lastKnownFileType = sourcecode.swift; path = Sources/Shared/UI/StateViews.swift; sourceTree = "<group>"; };
		B0000000000000000000003B /* Sources/Shared/UI/OptionRowCard.swift */ = {isa = PBXFileReference; lastKnownFileType = sourcecode.swift; path = Sources/Shared/UI/OptionRowCard.swift; sourceTree = "<group>"; };
		B0000000000000000000003C /* Sources/Shared/UI/SortableSeriesListView.swift */ = {isa = PBXFileReference; lastKnownFileType = sourcecode.swift; path = Sources/Shared/UI/SortableSeriesListView.swift; sourceTree = "<group>"; };
		B00000000000000000000095 /* Sources/Shared/UI/FitModelGrid.swift */ = {isa = PBXFileReference; lastKnownFileType = sourcecode.swift; path = Sources/Shared/UI/FitModelGrid.swift; sourceTree = "<group>"; };
		B00000000000000000000029 /* Sources/Shared/Utilities/FileTypeCatalog.swift */ = {isa = PBXFileReference; lastKnownFileType = sourcecode.swift; path = Sources/Shared/Utilities/FileTypeCatalog.swift; sourceTree = "<group>"; };
		B0000000000000000000002A /* Sources/Shared/Utilities/JSONValue.swift */ = {isa = PBXFileReference; lastKnownFileType = sourcecode.swift; path = Sources/Shared/Utilities/JSONValue.swift; sourceTree = "<group>"; };
		B0000000000000000000002B /* Sources/Shared/Utilities/NativePanels.swift */ = {isa = PBXFileReference; lastKnownFileType = sourcecode.swift; path = Sources/Shared/Utilities/NativePanels.swift; sourceTree = "<group>"; };
		B0000000000000000000002C /* Sources/Shared/Utilities/PreviewImageDecoder.swift */ = {isa = PBXFileReference; lastKnownFileType = sourcecode.swift; path = Sources/Shared/Utilities/PreviewImageDecoder.swift; sourceTree = "<group>"; };
		B0000000000000000000002D /* Sources/Shared/Utilities/SheetValue.swift */ = {isa = PBXFileReference; lastKnownFileType = sourcecode.swift; path = Sources/Shared/Utilities/SheetValue.swift; sourceTree = "<group>"; };
		B0000000000000000000002E /* Sources/Shared/Utilities/WorkspaceBridge.swift */ = {isa = PBXFileReference; lastKnownFileType = sourcecode.swift; path = Sources/Shared/Utilities/WorkspaceBridge.swift; sourceTree = "<group>"; };
		B00000000000000000000076 /* Sources/Shared/Utilities/UserCancellation.swift */ = {isa = PBXFileReference; lastKnownFileType = sourcecode.swift; path = Sources/Shared/Utilities/UserCancellation.swift; sourceTree = "<group>"; };
		B00000000000000000000031 /* Tests/AppModelTests.swift */ = {isa = PBXFileReference; lastKnownFileType = sourcecode.swift; path = Tests/AppModelTests.swift; sourceTree = "<group>"; };
		B00000000000000000000032 /* Tests/CodeConsoleSessionTests.swift */ = {isa = PBXFileReference; lastKnownFileType = sourcecode.swift; path = Tests/CodeConsoleSessionTests.swift; sourceTree = "<group>"; };
		B00000000000000000000033 /* Tests/ComposerSessionTests.swift */ = {isa = PBXFileReference; lastKnownFileType = sourcecode.swift; path = Tests/ComposerSessionTests.swift; sourceTree = "<group>"; };
		B00000000000000000000035 /* Tests/MockSidecarClient.swift */ = {isa = PBXFileReference; lastKnownFileType = sourcecode.swift; path = Tests/MockSidecarClient.swift; sourceTree = "<group>"; };
		B00000000000000000000036 /* Tests/MockURLProtocol.swift */ = {isa = PBXFileReference; lastKnownFileType = sourcecode.swift; path = Tests/MockURLProtocol.swift; sourceTree = "<group>"; };
		B00000000000000000000037 /* Tests/PlotSessionTests.swift */ = {isa = PBXFileReference; lastKnownFileType = sourcecode.swift; path = Tests/PlotSessionTests.swift; sourceTree = "<group>"; };
		B00000000000000000000038 /* Tests/SchemaDecodingTests.swift */ = {isa = PBXFileReference; lastKnownFileType = sourcecode.swift; path = Tests/SchemaDecodingTests.swift; sourceTree = "<group>"; };
		B00000000000000000000039 /* Tests/SidecarRuntimeTests.swift */ = {isa = PBXFileReference; lastKnownFileType = sourcecode.swift; path = Tests/SidecarRuntimeTests.swift; sourceTree = "<group>"; };
		B0000000000000000000003A /* Tests/TestPayloads.swift */ = {isa = PBXFileReference; lastKnownFileType = sourcecode.swift; path = Tests/TestPayloads.swift; sourceTree = "<group>"; };
		B00000000000000000000075 /* Tests/InspectorLayoutPolicyTests.swift */ = {isa = PBXFileReference; lastKnownFileType = sourcecode.swift; path = Tests/InspectorLayoutPolicyTests.swift; sourceTree = "<group>"; };
		B0000000000000000000003D /* Sources/Infrastructure/SidecarModelsDataStudio.swift */ = {isa = PBXFileReference; lastKnownFileType = sourcecode.swift; path = Sources/Infrastructure/SidecarModelsDataStudio.swift; sourceTree = "<group>"; };
		B0000000000000000000003E /* Sources/Features/DataStudio/DataStudioSession.swift */ = {isa = PBXFileReference; lastKnownFileType = sourcecode.swift; path = Sources/Features/DataStudio/DataStudioSession.swift; sourceTree = "<group>"; };
		B0000000000000000000003F /* Sources/Features/DataStudio/DataStudioWorkbenchView.swift */ = {isa = PBXFileReference; lastKnownFileType = sourcecode.swift; path = Sources/Features/DataStudio/DataStudioWorkbenchView.swift; sourceTree = "<group>"; };
		B00000000000000000000040 /* Sources/Features/DataStudio/DataStudioInspectorView.swift */ = {isa = PBXFileReference; lastKnownFileType = sourcecode.swift; path = Sources/Features/DataStudio/DataStudioInspectorView.swift; sourceTree = "<group>"; };
		B00000000000000000000041 /* Tests/DataStudioSessionTests.swift */ = {isa = PBXFileReference; lastKnownFileType = sourcecode.swift; path = Tests/DataStudioSessionTests.swift; sourceTree = "<group>"; };
		B00000000000000000000042 /* Sources/Features/Plot/PlotSessionTypes.swift */ = {isa = PBXFileReference; lastKnownFileType = sourcecode.swift; path = Sources/Features/Plot/PlotSessionTypes.swift; sourceTree = "<group>"; };
		B00000000000000000000043 /* Sources/Features/DataStudio/DataStudioSessionTypes.swift */ = {isa = PBXFileReference; lastKnownFileType = sourcecode.swift; path = Sources/Features/DataStudio/DataStudioSessionTypes.swift; sourceTree = "<group>"; };
		B00000000000000000000044 /* Sources/Features/Composer/ComposerSessionTypes.swift */ = {isa = PBXFileReference; lastKnownFileType = sourcecode.swift; path = Sources/Features/Composer/ComposerSessionTypes.swift; sourceTree = "<group>"; };
		B00000000000000000000045 /* Sources/Features/DataStudio/DataStudioWorkbenchSpecimenViews.swift */ = {isa = PBXFileReference; lastKnownFileType = sourcecode.swift; path = Sources/Features/DataStudio/DataStudioWorkbenchSpecimenViews.swift; sourceTree = "<group>"; };
		B00000000000000000000046 /* Sources/Features/DataStudio/DataStudioImportWorkflowViews.swift */ = {isa = PBXFileReference; lastKnownFileType = sourcecode.swift; path = Sources/Features/DataStudio/DataStudioImportWorkflowViews.swift; sourceTree = "<group>"; };
		B00000000000000000000047 /* Sources/Features/DataStudio/DataStudioTemplateEditorViews.swift */ = {isa = PBXFileReference; lastKnownFileType = sourcecode.swift; path = Sources/Features/DataStudio/DataStudioTemplateEditorViews.swift; sourceTree = "<group>"; };
		B00000000000000000000048 /* Sources/Features/DataStudio/DataStudioSessionImportTemplate.swift */ = {isa = PBXFileReference; lastKnownFileType = sourcecode.swift; path = Sources/Features/DataStudio/DataStudioSessionImportTemplate.swift; sourceTree = "<group>"; };
		B00000000000000000000049 /* Sources/Features/DataStudio/DataStudioSessionSpecimenFilter.swift */ = {isa = PBXFileReference; lastKnownFileType = sourcecode.swift; path = Sources/Features/DataStudio/DataStudioSessionSpecimenFilter.swift; sourceTree = "<group>"; };
		B00000000000000000000050 /* Sources/Features/DataStudio/DataStudioSessionComparison.swift */ = {isa = PBXFileReference; lastKnownFileType = sourcecode.swift; path = Sources/Features/DataStudio/DataStudioSessionComparison.swift; sourceTree = "<group>"; };
		B00000000000000000000087 /* Sources/Features/Plot/PlotInspectorAdjustmentContent.swift */ = {isa = PBXFileReference; lastKnownFileType = sourcecode.swift; path = Sources/Features/Plot/PlotInspectorAdjustmentContent.swift; sourceTree = "<group>"; };
		B00000000000000000000088 /* Sources/Features/Plot/PlotInspectorFigureAxisSections.swift */ = {isa = PBXFileReference; lastKnownFileType = sourcecode.swift; path = Sources/Features/Plot/PlotInspectorFigureAxisSections.swift; sourceTree = "<group>"; };
		B00000000000000000000089 /* Sources/Features/Plot/PlotInspectorObjectSections.swift */ = {isa = PBXFileReference; lastKnownFileType = sourcecode.swift; path = Sources/Features/Plot/PlotInspectorObjectSections.swift; sourceTree = "<group>"; };
		B0000000000000000000008A /* Sources/Features/Plot/PlotInspectorBindingHelpers.swift */ = {isa = PBXFileReference; lastKnownFileType = sourcecode.swift; path = Sources/Features/Plot/PlotInspectorBindingHelpers.swift; sourceTree = "<group>"; };
		B0000000000000000000008B /* Sources/Features/Plot/PlotInspectorAdvancedAxisSections.swift */ = {isa = PBXFileReference; lastKnownFileType = sourcecode.swift; path = Sources/Features/Plot/PlotInspectorAdvancedAxisSections.swift; sourceTree = "<group>"; };
		B0000000000000000000008C /* Sources/Features/DataStudio/DataStudioGroupRailView.swift */ = {isa = PBXFileReference; lastKnownFileType = sourcecode.swift; path = Sources/Features/DataStudio/DataStudioGroupRailView.swift; sourceTree = "<group>"; };
		B0000000000000000000008D /* Sources/Features/DataStudio/DataStudioPreviewWorkspaceView.swift */ = {isa = PBXFileReference; lastKnownFileType = sourcecode.swift; path = Sources/Features/DataStudio/DataStudioPreviewWorkspaceView.swift; sourceTree = "<group>"; };
		B0000000000000000000008E /* Sources/Features/DataStudio/DataStudioAnalysisSheet.swift */ = {isa = PBXFileReference; lastKnownFileType = sourcecode.swift; path = Sources/Features/DataStudio/DataStudioAnalysisSheet.swift; sourceTree = "<group>"; };
		B0000000000000000000008F /* Sources/Features/DataStudio/DataStudioSessionFigureWorkflow.swift */ = {isa = PBXFileReference; lastKnownFileType = sourcecode.swift; path = Sources/Features/DataStudio/DataStudioSessionFigureWorkflow.swift; sourceTree = "<group>"; };
		B00000000000000000000090 /* Sources/Features/DataStudio/DataStudioSessionProjectExport.swift */ = {isa = PBXFileReference; lastKnownFileType = sourcecode.swift; path = Sources/Features/DataStudio/DataStudioSessionProjectExport.swift; sourceTree = "<group>"; };
		B00000000000000000000091 /* Sources/Features/DataStudio/DataStudioSessionAnalysis.swift */ = {isa = PBXFileReference; lastKnownFileType = sourcecode.swift; path = Sources/Features/DataStudio/DataStudioSessionAnalysis.swift; sourceTree = "<group>"; };
		B00000000000000000000092 /* Sources/Features/DataStudio/DataStudioSessionSpecimenPresentation.swift */ = {isa = PBXFileReference; lastKnownFileType = sourcecode.swift; path = Sources/Features/DataStudio/DataStudioSessionSpecimenPresentation.swift; sourceTree = "<group>"; };
		B00000000000000000000093 /* Sources/Features/DataStudio/DataStudioSessionImportFlow.swift */ = {isa = PBXFileReference; lastKnownFileType = sourcecode.swift; path = Sources/Features/DataStudio/DataStudioSessionImportFlow.swift; sourceTree = "<group>"; };
		B00000000000000000000094 /* Sources/Features/DataStudio/DataStudioSessionTemplateDraft.swift */ = {isa = PBXFileReference; lastKnownFileType = sourcecode.swift; path = Sources/Features/DataStudio/DataStudioSessionTemplateDraft.swift; sourceTree = "<group>"; };
		A00000000000000000000008 /* SciPlot.app */ = {isa = PBXFileReference; explicitFileType = wrapper.application; includeInIndex = 0; path = "SciPlot.app"; sourceTree = BUILT_PRODUCTS_DIR; };
		A00000000000000000000009 /* SciPlotMacTests.xctest */ = {isa = PBXFileReference; explicitFileType = wrapper.cfbundle; includeInIndex = 0; path = SciPlotMacTests.xctest; sourceTree = BUILT_PRODUCTS_DIR; };
/* End PBXFileReference section */

/* Begin PBXFrameworksBuildPhase section */
		A0000000000000000000000B /* Frameworks */ = {
			isa = PBXFrameworksBuildPhase;
			buildActionMask = 2147483647;
			files = (
			);
			runOnlyForDeploymentPostprocessing = 0;
		};
		A0000000000000000000000E /* Frameworks */ = {
			isa = PBXFrameworksBuildPhase;
			buildActionMask = 2147483647;
			files = (
			);
			runOnlyForDeploymentPostprocessing = 0;
		};
/* End PBXFrameworksBuildPhase section */

/* Begin PBXGroup section */
		A00000000000000000000002 = {
			isa = PBXGroup;
			children = (
				B00000000000000000000086 /* Assets.xcassets */,
				A00000000000000000000003 /* Sources */,
				A00000000000000000000004 /* Tests */,
				A00000000000000000000005 /* Products */,
			);
			sourceTree = "<group>";
		};
		A00000000000000000000003 /* Sources */ = {
			isa = PBXGroup;
			children = (
				B00000000000000000000001 /* Sources/App/AppCommands.swift */,
				B00000000000000000000002 /* Sources/App/AppModel.swift */,
				B00000000000000000000003 /* Sources/App/RootSplitView.swift */,
				B00000000000000000000004 /* Sources/App/SciPlotApp.swift */,
				B00000000000000000000005 /* Sources/App/Workbench.swift */,
				B00000000000000000000079 /* Sources/App/QuickHelpSheet.swift */,
				B00000000000000000000080 /* Sources/App/LauncherView.swift */,
				B00000000000000000000006 /* Sources/Features/CodeConsole/CodeConsoleContextView.swift */,
				B00000000000000000000007 /* Sources/Features/CodeConsole/CodeConsoleEditorView.swift */,
				B00000000000000000000008 /* Sources/Features/CodeConsole/CodeConsoleOutputsView.swift */,
				B00000000000000000000009 /* Sources/Features/CodeConsole/CodeConsoleSession.swift */,
				B0000000000000000000000A /* Sources/Features/CodeConsole/CodeConsoleWorkbenchView.swift */,
				B0000000000000000000000B /* Sources/Features/Composer/ComposerAssetBrowserView.swift */,
				B0000000000000000000000C /* Sources/Features/Composer/ComposerCanvasView.swift */,
				B0000000000000000000000D /* Sources/Features/Composer/ComposerInspectorView.swift */,
				B00000000000000000000030 /* Sources/Features/Composer/ComposerPanelThumbnailView.swift */,
				B0000000000000000000000E /* Sources/Features/Composer/ComposerSession.swift */,
				B00000000000000000000051 /* Sources/Features/Composer/ComposerSessionImportExport.swift */,
				B00000000000000000000052 /* Sources/Features/Composer/ComposerSessionSelectionPlacement.swift */,
				B00000000000000000000053 /* Sources/Features/Composer/ComposerSessionPreviewUndo.swift */,
				B00000000000000000000097 /* Sources/Features/Composer/ComposerSessionProject.swift */,
				B00000000000000000000044 /* Sources/Features/Composer/ComposerSessionTypes.swift */,
				B0000000000000000000000F /* Sources/Features/Composer/ComposerWorkbenchView.swift */,
				B0000000000000000000003E /* Sources/Features/DataStudio/DataStudioSession.swift */,
				B00000000000000000000043 /* Sources/Features/DataStudio/DataStudioSessionTypes.swift */,
				B00000000000000000000048 /* Sources/Features/DataStudio/DataStudioSessionImportTemplate.swift */,
				B00000000000000000000093 /* Sources/Features/DataStudio/DataStudioSessionImportFlow.swift */,
				B00000000000000000000094 /* Sources/Features/DataStudio/DataStudioSessionTemplateDraft.swift */,
				B00000000000000000000049 /* Sources/Features/DataStudio/DataStudioSessionSpecimenFilter.swift */,
				B00000000000000000000092 /* Sources/Features/DataStudio/DataStudioSessionSpecimenPresentation.swift */,
				B00000000000000000000050 /* Sources/Features/DataStudio/DataStudioSessionComparison.swift */,
				B0000000000000000000008F /* Sources/Features/DataStudio/DataStudioSessionFigureWorkflow.swift */,
				B00000000000000000000090 /* Sources/Features/DataStudio/DataStudioSessionProjectExport.swift */,
				B00000000000000000000091 /* Sources/Features/DataStudio/DataStudioSessionAnalysis.swift */,
				B00000000000000000000046 /* Sources/Features/DataStudio/DataStudioImportWorkflowViews.swift */,
				B00000000000000000000047 /* Sources/Features/DataStudio/DataStudioTemplateEditorViews.swift */,
				B0000000000000000000003F /* Sources/Features/DataStudio/DataStudioWorkbenchView.swift */,
				B0000000000000000000008C /* Sources/Features/DataStudio/DataStudioGroupRailView.swift */,
				B0000000000000000000008D /* Sources/Features/DataStudio/DataStudioPreviewWorkspaceView.swift */,
				B0000000000000000000008E /* Sources/Features/DataStudio/DataStudioAnalysisSheet.swift */,
				B00000000000000000000045 /* Sources/Features/DataStudio/DataStudioWorkbenchSpecimenViews.swift */,
				B00000000000000000000040 /* Sources/Features/DataStudio/DataStudioInspectorView.swift */,
				B00000000000000000000017 /* Sources/Features/Plot/PlotImportView.swift */,
				B00000000000000000000018 /* Sources/Features/Plot/PlotInspectorView.swift */,
				B00000000000000000000087 /* Sources/Features/Plot/PlotInspectorAdjustmentContent.swift */,
				B00000000000000000000088 /* Sources/Features/Plot/PlotInspectorFigureAxisSections.swift */,
				B00000000000000000000089 /* Sources/Features/Plot/PlotInspectorObjectSections.swift */,
				B0000000000000000000008A /* Sources/Features/Plot/PlotInspectorBindingHelpers.swift */,
				B0000000000000000000008B /* Sources/Features/Plot/PlotInspectorAdvancedAxisSections.swift */,
				B00000000000000000000081 /* Sources/Features/Plot/PlotDataWorkbookSheet.swift */,
				B00000000000000000000082 /* Sources/Features/Plot/PlotInspectorMode.swift */,
				B00000000000000000000083 /* Sources/Features/Plot/PlotInspectorLayerListView.swift */,
				B00000000000000000000084 /* Sources/Features/Plot/PlotSelectedLayerEditorView.swift */,
				B00000000000000000000085 /* Sources/Features/Plot/PlotDataPipelineInspectorView.swift */,
				B00000000000000000000019 /* Sources/Features/Plot/PlotRefineView.swift */,
				B00000000000000000000096 /* Sources/Features/Plot/PlotInteractivePreviewOverlay.swift */,
				B0000000000000000000001A /* Sources/Features/Plot/PlotSession.swift */,
				B00000000000000000000054 /* Sources/Features/Plot/PlotSessionPresentation.swift */,
				B00000000000000000000055 /* Sources/Features/Plot/PlotSessionImportInspect.swift */,
				B00000000000000000000056 /* Sources/Features/Plot/PlotSessionPreviewExport.swift */,
				B00000000000000000000057 /* Sources/Features/Plot/PlotSessionRestore.swift */,
				B00000000000000000000042 /* Sources/Features/Plot/PlotSessionTypes.swift */,
				B0000000000000000000001B /* Sources/Features/Plot/PlotTemplateView.swift */,
				B0000000000000000000001C /* Sources/Features/Plot/PlotWorkbenchView.swift */,
				B0000000000000000000001D /* Sources/Infrastructure/RepoLocator.swift */,
				B0000000000000000000001E /* Sources/Infrastructure/SidecarClient.swift */,
				B0000000000000000000001F /* Sources/Infrastructure/SidecarError.swift */,
				B00000000000000000000020 /* Sources/Infrastructure/SidecarModelsCommon.swift */,
				B00000000000000000000021 /* Sources/Infrastructure/SidecarModelsComposer.swift */,
				B0000000000000000000003D /* Sources/Infrastructure/SidecarModelsDataStudio.swift */,
				B00000000000000000000022 /* Sources/Infrastructure/SidecarModelsRender.swift */,
				B00000000000000000000024 /* Sources/Infrastructure/SidecarRuntime.swift */,
				B00000000000000000000025 /* Sources/Shared/UI/Base64PreviewImageView.swift */,
				B00000000000000000000026 /* Sources/Shared/UI/PDFPreviewView.swift */,
				B00000000000000000000027 /* Sources/Shared/UI/QuickLookThumbnailView.swift */,
				B00000000000000000000028 /* Sources/Shared/UI/StateViews.swift */,
				B0000000000000000000003B /* Sources/Shared/UI/OptionRowCard.swift */,
				B0000000000000000000003C /* Sources/Shared/UI/SortableSeriesListView.swift */,
				B00000000000000000000095 /* Sources/Shared/UI/FitModelGrid.swift */,
				B00000000000000000000029 /* Sources/Shared/Utilities/FileTypeCatalog.swift */,
				B0000000000000000000002A /* Sources/Shared/Utilities/JSONValue.swift */,
				B0000000000000000000002B /* Sources/Shared/Utilities/NativePanels.swift */,
				B0000000000000000000002C /* Sources/Shared/Utilities/PreviewImageDecoder.swift */,
				B0000000000000000000002D /* Sources/Shared/Utilities/SheetValue.swift */,
				B0000000000000000000002E /* Sources/Shared/Utilities/WorkspaceBridge.swift */,
				B00000000000000000000076 /* Sources/Shared/Utilities/UserCancellation.swift */,
			);
			name = Sources;
			sourceTree = "<group>";
		};
		A00000000000000000000004 /* Tests */ = {
			isa = PBXGroup;
			children = (
				B00000000000000000000031 /* Tests/AppModelTests.swift */,
				B00000000000000000000032 /* Tests/CodeConsoleSessionTests.swift */,
				B00000000000000000000033 /* Tests/ComposerSessionTests.swift */,
				B00000000000000000000041 /* Tests/DataStudioSessionTests.swift */,
				B00000000000000000000075 /* Tests/InspectorLayoutPolicyTests.swift */,
				B00000000000000000000035 /* Tests/MockSidecarClient.swift */,
				B00000000000000000000036 /* Tests/MockURLProtocol.swift */,
				B00000000000000000000037 /* Tests/PlotSessionTests.swift */,
				B00000000000000000000038 /* Tests/SchemaDecodingTests.swift */,
				B00000000000000000000039 /* Tests/SidecarRuntimeTests.swift */,
				B0000000000000000000003A /* Tests/TestPayloads.swift */,
			);
			name = Tests;
			sourceTree = "<group>";
		};
		A00000000000000000000005 /* Products */ = {
			isa = PBXGroup;
			children = (
				A00000000000000000000008 /* SciPlot.app */,
				A00000000000000000000009 /* SciPlotMacTests.xctest */,
			);
			name = Products;
			sourceTree = "<group>";
		};
/* End PBXGroup section */

/* Begin PBXNativeTarget section */
		A00000000000000000000006 /* SciPlotMac */ = {
			isa = PBXNativeTarget;
			buildConfigurationList = A00000000000000000000012 /* Build configuration list for PBXNativeTarget "SciPlotMac" */;
			buildPhases = (
				A0000000000000000000000A /* Sources */,
				A0000000000000000000000B /* Frameworks */,
				A0000000000000000000000C /* Resources */,
			);
			buildRules = (
			);
			dependencies = (
			);
			name = SciPlotMac;
			productName = "SciPlot";
			productReference = A00000000000000000000008 /* SciPlot.app */;
			productType = "com.apple.product-type.application";
		};
		A00000000000000000000007 /* SciPlotMacTests */ = {
			isa = PBXNativeTarget;
			buildConfigurationList = A00000000000000000000013 /* Build configuration list for PBXNativeTarget "SciPlotMacTests" */;
			buildPhases = (
				A0000000000000000000000D /* Sources */,
				A0000000000000000000000E /* Frameworks */,
			);
			buildRules = (
			);
			dependencies = (
				A0000000000000000000001B /* PBXTargetDependency */,
			);
			name = SciPlotMacTests;
			productName = SciPlotMacTests;
			productReference = A00000000000000000000009 /* SciPlotMacTests.xctest */;
			productType = "com.apple.product-type.bundle.unit-test";
		};
/* End PBXNativeTarget section */

/* Begin PBXProject section */
		A00000000000000000000001 /* Project object */ = {
			isa = PBXProject;
			attributes = {
				BuildIndependentTargetsInParallel = 1;
				LastSwiftUpdateCheck = 2600;
				LastUpgradeCheck = 2600;
				TargetAttributes = {
					A00000000000000000000006 = {
						CreatedOnToolsVersion = 26.0;
					};
					A00000000000000000000007 = {
						CreatedOnToolsVersion = 26.0;
						TestTargetID = A00000000000000000000006;
					};
				};
			};
			buildConfigurationList = A00000000000000000000011 /* Build configuration list for PBXProject "SciPlot" */;
			compatibilityVersion = "Xcode 14.0";
			developmentRegion = en;
			hasScannedForEncodings = 0;
			knownRegions = (
				en,
				Base,
			);
			mainGroup = A00000000000000000000002;
			productRefGroup = A00000000000000000000005 /* Products */;
			projectDirPath = "";
			projectRoot = "";
			targets = (
				A00000000000000000000006 /* SciPlotMac */,
				A00000000000000000000007 /* SciPlotMacTests */,
			);
		};
/* End PBXProject section */

/* Begin PBXResourcesBuildPhase section */
		A0000000000000000000000C /* Resources */ = {
			isa = PBXResourcesBuildPhase;
			buildActionMask = 2147483647;
			files = (
				C00000000000000000000086 /* Assets.xcassets in Resources */,
			);
			runOnlyForDeploymentPostprocessing = 0;
		};
/* End PBXResourcesBuildPhase section */

/* Begin PBXSourcesBuildPhase section */
		A0000000000000000000000A /* Sources */ = {
			isa = PBXSourcesBuildPhase;
			buildActionMask = 2147483647;
			files = (
				C00000000000000000000001 /* Sources/App/AppCommands.swift in Sources */,
				C00000000000000000000002 /* Sources/App/AppModel.swift in Sources */,
				C00000000000000000000003 /* Sources/App/RootSplitView.swift in Sources */,
				C00000000000000000000004 /* Sources/App/SciPlotApp.swift in Sources */,
				C00000000000000000000005 /* Sources/App/Workbench.swift in Sources */,
				C00000000000000000000079 /* Sources/App/QuickHelpSheet.swift in Sources */,
				C00000000000000000000080 /* Sources/App/LauncherView.swift in Sources */,
				C00000000000000000000006 /* Sources/Features/CodeConsole/CodeConsoleContextView.swift in Sources */,
				C00000000000000000000007 /* Sources/Features/CodeConsole/CodeConsoleEditorView.swift in Sources */,
				C00000000000000000000008 /* Sources/Features/CodeConsole/CodeConsoleOutputsView.swift in Sources */,
				C00000000000000000000009 /* Sources/Features/CodeConsole/CodeConsoleSession.swift in Sources */,
				C0000000000000000000000A /* Sources/Features/CodeConsole/CodeConsoleWorkbenchView.swift in Sources */,
				C0000000000000000000000B /* Sources/Features/Composer/ComposerAssetBrowserView.swift in Sources */,
				C0000000000000000000000C /* Sources/Features/Composer/ComposerCanvasView.swift in Sources */,
				C0000000000000000000000D /* Sources/Features/Composer/ComposerInspectorView.swift in Sources */,
				C0000000000000000000000E /* Sources/Features/Composer/ComposerSession.swift in Sources */,
				C00000000000000000000051 /* Sources/Features/Composer/ComposerSessionImportExport.swift in Sources */,
				C00000000000000000000052 /* Sources/Features/Composer/ComposerSessionSelectionPlacement.swift in Sources */,
				C00000000000000000000053 /* Sources/Features/Composer/ComposerSessionPreviewUndo.swift in Sources */,
				C00000000000000000000097 /* Sources/Features/Composer/ComposerSessionProject.swift in Sources */,
				C00000000000000000000044 /* Sources/Features/Composer/ComposerSessionTypes.swift in Sources */,
				C0000000000000000000000F /* Sources/Features/Composer/ComposerWorkbenchView.swift in Sources */,
				C00000000000000000000030 /* Sources/Features/Composer/ComposerPanelThumbnailView.swift in Sources */,
				C0000000000000000000003E /* Sources/Features/DataStudio/DataStudioSession.swift in Sources */,
				C00000000000000000000043 /* Sources/Features/DataStudio/DataStudioSessionTypes.swift in Sources */,
				C00000000000000000000048 /* Sources/Features/DataStudio/DataStudioSessionImportTemplate.swift in Sources */,
				C00000000000000000000093 /* Sources/Features/DataStudio/DataStudioSessionImportFlow.swift in Sources */,
				C00000000000000000000094 /* Sources/Features/DataStudio/DataStudioSessionTemplateDraft.swift in Sources */,
				C00000000000000000000049 /* Sources/Features/DataStudio/DataStudioSessionSpecimenFilter.swift in Sources */,
				C00000000000000000000092 /* Sources/Features/DataStudio/DataStudioSessionSpecimenPresentation.swift in Sources */,
				C00000000000000000000050 /* Sources/Features/DataStudio/DataStudioSessionComparison.swift in Sources */,
				C0000000000000000000008F /* Sources/Features/DataStudio/DataStudioSessionFigureWorkflow.swift in Sources */,
				C00000000000000000000090 /* Sources/Features/DataStudio/DataStudioSessionProjectExport.swift in Sources */,
				C00000000000000000000091 /* Sources/Features/DataStudio/DataStudioSessionAnalysis.swift in Sources */,
				C00000000000000000000046 /* Sources/Features/DataStudio/DataStudioImportWorkflowViews.swift in Sources */,
				C00000000000000000000047 /* Sources/Features/DataStudio/DataStudioTemplateEditorViews.swift in Sources */,
				C0000000000000000000003F /* Sources/Features/DataStudio/DataStudioWorkbenchView.swift in Sources */,
				C0000000000000000000008C /* Sources/Features/DataStudio/DataStudioGroupRailView.swift in Sources */,
				C0000000000000000000008D /* Sources/Features/DataStudio/DataStudioPreviewWorkspaceView.swift in Sources */,
				C0000000000000000000008E /* Sources/Features/DataStudio/DataStudioAnalysisSheet.swift in Sources */,
				C00000000000000000000045 /* Sources/Features/DataStudio/DataStudioWorkbenchSpecimenViews.swift in Sources */,
				C00000000000000000000040 /* Sources/Features/DataStudio/DataStudioInspectorView.swift in Sources */,
				C00000000000000000000017 /* Sources/Features/Plot/PlotImportView.swift in Sources */,
				C00000000000000000000018 /* Sources/Features/Plot/PlotInspectorView.swift in Sources */,
				C00000000000000000000087 /* Sources/Features/Plot/PlotInspectorAdjustmentContent.swift in Sources */,
				C00000000000000000000088 /* Sources/Features/Plot/PlotInspectorFigureAxisSections.swift in Sources */,
				C00000000000000000000089 /* Sources/Features/Plot/PlotInspectorObjectSections.swift in Sources */,
				C0000000000000000000008A /* Sources/Features/Plot/PlotInspectorBindingHelpers.swift in Sources */,
				C0000000000000000000008B /* Sources/Features/Plot/PlotInspectorAdvancedAxisSections.swift in Sources */,
				C00000000000000000000081 /* Sources/Features/Plot/PlotDataWorkbookSheet.swift in Sources */,
				C00000000000000000000082 /* Sources/Features/Plot/PlotInspectorMode.swift in Sources */,
				C00000000000000000000083 /* Sources/Features/Plot/PlotInspectorLayerListView.swift in Sources */,
				C00000000000000000000084 /* Sources/Features/Plot/PlotSelectedLayerEditorView.swift in Sources */,
				C00000000000000000000085 /* Sources/Features/Plot/PlotDataPipelineInspectorView.swift in Sources */,
				C00000000000000000000019 /* Sources/Features/Plot/PlotRefineView.swift in Sources */,
				C00000000000000000000096 /* Sources/Features/Plot/PlotInteractivePreviewOverlay.swift in Sources */,
				C0000000000000000000001A /* Sources/Features/Plot/PlotSession.swift in Sources */,
				C00000000000000000000054 /* Sources/Features/Plot/PlotSessionPresentation.swift in Sources */,
				C00000000000000000000055 /* Sources/Features/Plot/PlotSessionImportInspect.swift in Sources */,
				C00000000000000000000056 /* Sources/Features/Plot/PlotSessionPreviewExport.swift in Sources */,
				C00000000000000000000057 /* Sources/Features/Plot/PlotSessionRestore.swift in Sources */,
				C00000000000000000000042 /* Sources/Features/Plot/PlotSessionTypes.swift in Sources */,
				C0000000000000000000001B /* Sources/Features/Plot/PlotTemplateView.swift in Sources */,
				C0000000000000000000001C /* Sources/Features/Plot/PlotWorkbenchView.swift in Sources */,
				C0000000000000000000001D /* Sources/Infrastructure/RepoLocator.swift in Sources */,
				C0000000000000000000001E /* Sources/Infrastructure/SidecarClient.swift in Sources */,
				C0000000000000000000001F /* Sources/Infrastructure/SidecarError.swift in Sources */,
				C00000000000000000000020 /* Sources/Infrastructure/SidecarModelsCommon.swift in Sources */,
				C00000000000000000000021 /* Sources/Infrastructure/SidecarModelsComposer.swift in Sources */,
				C0000000000000000000003D /* Sources/Infrastructure/SidecarModelsDataStudio.swift in Sources */,
				C00000000000000000000022 /* Sources/Infrastructure/SidecarModelsRender.swift in Sources */,
				C00000000000000000000024 /* Sources/Infrastructure/SidecarRuntime.swift in Sources */,
				C00000000000000000000025 /* Sources/Shared/UI/Base64PreviewImageView.swift in Sources */,
				C00000000000000000000026 /* Sources/Shared/UI/PDFPreviewView.swift in Sources */,
				C00000000000000000000027 /* Sources/Shared/UI/QuickLookThumbnailView.swift in Sources */,
				C00000000000000000000028 /* Sources/Shared/UI/StateViews.swift in Sources */,
				C0000000000000000000003B /* Sources/Shared/UI/OptionRowCard.swift in Sources */,
				C0000000000000000000003C /* Sources/Shared/UI/SortableSeriesListView.swift in Sources */,
				C00000000000000000000095 /* Sources/Shared/UI/FitModelGrid.swift in Sources */,
				C00000000000000000000029 /* Sources/Shared/Utilities/FileTypeCatalog.swift in Sources */,
				C0000000000000000000002A /* Sources/Shared/Utilities/JSONValue.swift in Sources */,
				C0000000000000000000002B /* Sources/Shared/Utilities/NativePanels.swift in Sources */,
				C0000000000000000000002C /* Sources/Shared/Utilities/PreviewImageDecoder.swift in Sources */,
				C0000000000000000000002D /* Sources/Shared/Utilities/SheetValue.swift in Sources */,
				C0000000000000000000002E /* Sources/Shared/Utilities/WorkspaceBridge.swift in Sources */,
				C00000000000000000000076 /* Sources/Shared/Utilities/UserCancellation.swift in Sources */,
			);
			runOnlyForDeploymentPostprocessing = 0;
		};
		A0000000000000000000000D /* Sources */ = {
			isa = PBXSourcesBuildPhase;
			buildActionMask = 2147483647;
			files = (
				C00000000000000000000031 /* Tests/AppModelTests.swift in Sources */,
				C00000000000000000000032 /* Tests/CodeConsoleSessionTests.swift in Sources */,
				C00000000000000000000033 /* Tests/ComposerSessionTests.swift in Sources */,
				C00000000000000000000041 /* Tests/DataStudioSessionTests.swift in Sources */,
				C00000000000000000000075 /* Tests/InspectorLayoutPolicyTests.swift in Sources */,
				C00000000000000000000035 /* Tests/MockSidecarClient.swift in Sources */,
				C00000000000000000000036 /* Tests/MockURLProtocol.swift in Sources */,
				C00000000000000000000037 /* Tests/PlotSessionTests.swift in Sources */,
				C00000000000000000000038 /* Tests/SchemaDecodingTests.swift in Sources */,
				C00000000000000000000039 /* Tests/SidecarRuntimeTests.swift in Sources */,
				C0000000000000000000003A /* Tests/TestPayloads.swift in Sources */,
			);
			runOnlyForDeploymentPostprocessing = 0;
		};
/* End PBXSourcesBuildPhase section */

/* Begin PBXTargetDependency section */
		A0000000000000000000001B /* PBXTargetDependency */ = {
			isa = PBXTargetDependency;
			target = A00000000000000000000006 /* SciPlotMac */;
			targetProxy = A0000000000000000000001A /* PBXContainerItemProxy */;
		};
/* End PBXTargetDependency section */

/* Begin XCBuildConfiguration section */
		A00000000000000000000014 /* Debug */ = {
			isa = XCBuildConfiguration;
			buildSettings = {
				ALWAYS_SEARCH_USER_PATHS = NO;
				ONLY_ACTIVE_ARCH = YES;
				SWIFT_VERSION = 6.0;
			};
			name = Debug;
		};
		A00000000000000000000015 /* Release */ = {
			isa = XCBuildConfiguration;
			buildSettings = {
				ALWAYS_SEARCH_USER_PATHS = NO;
				SWIFT_VERSION = 6.0;
			};
			name = Release;
		};
		A00000000000000000000016 /* Debug */ = {
			isa = XCBuildConfiguration;
			buildSettings = {
				CODE_SIGNING_ALLOWED = NO;
				CODE_SIGNING_REQUIRED = NO;
				CURRENT_PROJECT_VERSION = 1;
				ENABLE_HARDENED_RUNTIME = NO;
				ENABLE_TESTABILITY = YES;
				GENERATE_INFOPLIST_FILE = NO;
				INFOPLIST_FILE = Info.plist;
				ASSETCATALOG_COMPILER_APPICON_NAME = AppIcon;
				INFOPLIST_KEY_CFBundleDisplayName = "SciPlot";
				INFOPLIST_KEY_LSApplicationCategoryType = "public.app-category.productivity";
				INFOPLIST_KEY_NSHighResolutionCapable = YES;
				INFOPLIST_KEY_RepoRootHint = "$(PROJECT_DIR)/../..";
				LD_RUNPATH_SEARCH_PATHS = (
					"$(inherited)",
					"@executable_path/../Frameworks",
				);
				MACOSX_DEPLOYMENT_TARGET = 26.0;
				PRODUCT_BUNDLE_IDENTIFIER = io.github.codingtdx.sciplot.desktop;
				PRODUCT_MODULE_NAME = SciPlotMac;
				PRODUCT_NAME = "SciPlot";
				SDKROOT = macosx;
				SUPPORTED_PLATFORMS = macosx;
				SWIFT_EMIT_LOC_STRINGS = YES;
				SWIFT_VERSION = 6.0;
			};
			name = Debug;
		};
		A00000000000000000000017 /* Release */ = {
			isa = XCBuildConfiguration;
			buildSettings = {
				CODE_SIGNING_ALLOWED = NO;
				CODE_SIGNING_REQUIRED = NO;
				CURRENT_PROJECT_VERSION = 1;
				ENABLE_HARDENED_RUNTIME = NO;
				GENERATE_INFOPLIST_FILE = NO;
				INFOPLIST_FILE = Info.plist;
				ASSETCATALOG_COMPILER_APPICON_NAME = AppIcon;
				INFOPLIST_KEY_CFBundleDisplayName = "SciPlot";
				INFOPLIST_KEY_LSApplicationCategoryType = "public.app-category.productivity";
				INFOPLIST_KEY_NSHighResolutionCapable = YES;
				INFOPLIST_KEY_RepoRootHint = "$(PROJECT_DIR)/../..";
				LD_RUNPATH_SEARCH_PATHS = (
					"$(inherited)",
					"@executable_path/../Frameworks",
				);
				MACOSX_DEPLOYMENT_TARGET = 26.0;
				PRODUCT_BUNDLE_IDENTIFIER = io.github.codingtdx.sciplot.desktop;
				PRODUCT_MODULE_NAME = SciPlotMac;
				PRODUCT_NAME = "SciPlot";
				SDKROOT = macosx;
				SUPPORTED_PLATFORMS = macosx;
				SWIFT_EMIT_LOC_STRINGS = YES;
				SWIFT_VERSION = 6.0;
			};
			name = Release;
		};
		A00000000000000000000018 /* Debug */ = {
			isa = XCBuildConfiguration;
			buildSettings = {
				BUNDLE_LOADER = "$(TEST_HOST)";
				CODE_SIGNING_ALLOWED = NO;
				CODE_SIGNING_REQUIRED = NO;
				GENERATE_INFOPLIST_FILE = YES;
				LD_RUNPATH_SEARCH_PATHS = (
					"$(inherited)",
					"@loader_path/../Frameworks",
					"@loader_path/../../Frameworks",
				);
				MACOSX_DEPLOYMENT_TARGET = 26.0;
				PRODUCT_BUNDLE_IDENTIFIER = io.github.codingtdx.sciplot.desktop.tests;
				PRODUCT_MODULE_NAME = SciPlotMacTests;
				PRODUCT_NAME = "$(TARGET_NAME)";
				SDKROOT = macosx;
				SUPPORTED_PLATFORMS = macosx;
				SWIFT_VERSION = 6.0;
				TEST_HOST = "$(BUILT_PRODUCTS_DIR)/SciPlot.app/Contents/MacOS/SciPlot";
				TEST_TARGET_NAME = SciPlotMac;
			};
			name = Debug;
		};
		A00000000000000000000019 /* Release */ = {
			isa = XCBuildConfiguration;
			buildSettings = {
				BUNDLE_LOADER = "$(TEST_HOST)";
				CODE_SIGNING_ALLOWED = NO;
				CODE_SIGNING_REQUIRED = NO;
				GENERATE_INFOPLIST_FILE = YES;
				LD_RUNPATH_SEARCH_PATHS = (
					"$(inherited)",
					"@loader_path/../Frameworks",
					"@loader_path/../../Frameworks",
				);
				MACOSX_DEPLOYMENT_TARGET = 26.0;
				PRODUCT_BUNDLE_IDENTIFIER = io.github.codingtdx.sciplot.desktop.tests;
				PRODUCT_MODULE_NAME = SciPlotMacTests;
				PRODUCT_NAME = "$(TARGET_NAME)";
				SDKROOT = macosx;
				SUPPORTED_PLATFORMS = macosx;
				SWIFT_VERSION = 6.0;
				TEST_HOST = "$(BUILT_PRODUCTS_DIR)/SciPlot.app/Contents/MacOS/SciPlot";
				TEST_TARGET_NAME = SciPlotMac;
			};
			name = Release;
		};
/* End XCBuildConfiguration section */

/* Begin XCConfigurationList section */
		A00000000000000000000011 /* Build configuration list for PBXProject "SciPlot" */ = {
			isa = XCConfigurationList;
			buildConfigurations = (
				A00000000000000000000014 /* Debug */,
				A00000000000000000000015 /* Release */,
			);
			defaultConfigurationIsVisible = 0;
			defaultConfigurationName = Release;
		};
		A00000000000000000000012 /* Build configuration list for PBXNativeTarget "SciPlotMac" */ = {
			isa = XCConfigurationList;
			buildConfigurations = (
				A00000000000000000000016 /* Debug */,
				A00000000000000000000017 /* Release */,
			);
			defaultConfigurationIsVisible = 0;
			defaultConfigurationName = Release;
		};
		A00000000000000000000013 /* Build configuration list for PBXNativeTarget "SciPlotMacTests" */ = {
			isa = XCConfigurationList;
			buildConfigurations = (
				A00000000000000000000018 /* Debug */,
				A00000000000000000000019 /* Release */,
			);
			defaultConfigurationIsVisible = 0;
			defaultConfigurationName = Release;
		};
/* End XCConfigurationList section */
	};
	rootObject = A00000000000000000000001 /* Project object */;
}
